// !$*UTF8*$!
{
	archiveVersion = 1;
	classes = {
	};
	objectVersion = 50;
	objects = {

/* Begin PBXBuildFile section */
		FB2CCA192588BBC300B189DA /* AppDelegate.swift in Sources */ = {isa = PBXBuildFile; fileRef = FB2CCA182588BBC300B189DA /* AppDelegate.swift */; };
		FB2CCA1B2588BBC300B189DA /* SceneDelegate.swift in Sources */ = {isa = PBXBuildFile; fileRef = FB2CCA1A2588BBC300B189DA /* SceneDelegate.swift */; };
		FB2CCA1D2588BBC300B189DA /* HomeVC.swift in Sources */ = {isa = PBXBuildFile; fileRef = FB2CCA1C2588BBC300B189DA /* HomeVC.swift */; };
		FB2CCA202588BBC300B189DA /* Main.storyboard in Resources */ = {isa = PBXBuildFile; fileRef = FB2CCA1E2588BBC300B189DA /* Main.storyboard */; };
		FB2CCA222588BBC400B189DA /* Assets.xcassets in Resources */ = {isa = PBXBuildFile; fileRef = FB2CCA212588BBC400B189DA /* Assets.xcassets */; };
		FB2CCA252588BBC400B189DA /* LaunchScreen.storyboard in Resources */ = {isa = PBXBuildFile; fileRef = FB2CCA232588BBC400B189DA /* LaunchScreen.storyboard */; };
		FB4F32162588F66500EC89EF /* Color.swift in Sources */ = {isa = PBXBuildFile; fileRef = FB4F32152588F66500EC89EF /* Color.swift */; };
		FB4F321C258910DF00EC89EF /* CustomTabbar.swift in Sources */ = {isa = PBXBuildFile; fileRef = FB4F321B258910DF00EC89EF /* CustomTabbar.swift */; };
		FB4F32292589A34400EC89EF /* LargeCollectionViewCell.swift in Sources */ = {isa = PBXBuildFile; fileRef = FB4F32272589A34400EC89EF /* LargeCollectionViewCell.swift */; };
		FB4F322A2589A34400EC89EF /* LargeCollectionViewCell.xib in Resources */ = {isa = PBXBuildFile; fileRef = FB4F32282589A34400EC89EF /* LargeCollectionViewCell.xib */; };
		FB4F322E2589A35700EC89EF /* MediumCollectionViewCell.swift in Sources */ = {isa = PBXBuildFile; fileRef = FB4F322C2589A35700EC89EF /* MediumCollectionViewCell.swift */; };
		FB4F322F2589A35700EC89EF /* MediumCollectionViewCell.xib in Resources */ = {isa = PBXBuildFile; fileRef = FB4F322D2589A35700EC89EF /* MediumCollectionViewCell.xib */; };
		FB4F32332589A36400EC89EF /* SmallCollectionViewCell.swift in Sources */ = {isa = PBXBuildFile; fileRef = FB4F32312589A36400EC89EF /* SmallCollectionViewCell.swift */; };
		FB4F32342589A36400EC89EF /* SmallCollectionViewCell.xib in Resources */ = {isa = PBXBuildFile; fileRef = FB4F32322589A36400EC89EF /* SmallCollectionViewCell.xib */; };
		FB4F325C2589E98400EC89EF /* Image Extension.swift in Sources */ = {isa = PBXBuildFile; fileRef = FB4F325B2589E98400EC89EF /* Image Extension.swift */; };
		FB4F325F2589F40600EC89EF /* Model.swift in Sources */ = {isa = PBXBuildFile; fileRef = FB4F325E2589F40600EC89EF /* Model.swift */; };
/* End PBXBuildFile section */

/* Begin PBXFileReference section */
		FB2CCA152588BBC300B189DA /* Recipe Practice.app */ = {isa = PBXFileReference; explicitFileType = wrapper.application; includeInIndex = 0; path = "Recipe Practice.app"; sourceTree = BUILT_PRODUCTS_DIR; };
		FB2CCA182588BBC300B189DA /* AppDelegate.swift */ = {isa = PBXFileReference; lastKnownFileType = sourcecode.swift; path = AppDelegate.swift; sourceTree = "<group>"; };
		FB2CCA1A2588BBC300B189DA /* SceneDelegate.swift */ = {isa = PBXFileReference; lastKnownFileType = sourcecode.swift; path = SceneDelegate.swift; sourceTree = "<group>"; };
		FB2CCA1C2588BBC300B189DA /* HomeVC.swift */ = {isa = PBXFileReference; lastKnownFileType = sourcecode.swift; path = HomeVC.swift; sourceTree = "<group>"; };
		FB2CCA1F2588BBC300B189DA /* Base */ = {isa = PBXFileReference; lastKnownFileType = file.storyboard; name = Base; path = Base.lproj/Main.storyboard; sourceTree = "<group>"; };
		FB2CCA212588BBC400B189DA /* Assets.xcassets */ = {isa = PBXFileReference; lastKnownFileType = folder.assetcatalog; path = Assets.xcassets; sourceTree = "<group>"; };
		FB2CCA242588BBC400B189DA /* Base */ = {isa = PBXFileReference; lastKnownFileType = file.storyboard; name = Base; path = Base.lproj/LaunchScreen.storyboard; sourceTree = "<group>"; };
		FB2CCA262588BBC400B189DA /* Info.plist */ = {isa = PBXFileReference; lastKnownFileType = text.plist.xml; path = Info.plist; sourceTree = "<group>"; };
		FB4F32152588F66500EC89EF /* Color.swift */ = {isa = PBXFileReference; lastKnownFileType = sourcecode.swift; path = Color.swift; sourceTree = "<group>"; };
		FB4F321B258910DF00EC89EF /* CustomTabbar.swift */ = {isa = PBXFileReference; lastKnownFileType = sourcecode.swift; path = CustomTabbar.swift; sourceTree = "<group>"; };
		FB4F32272589A34400EC89EF /* LargeCollectionViewCell.swift */ = {isa = PBXFileReference; lastKnownFileType = sourcecode.swift; path = LargeCollectionViewCell.swift; sourceTree = "<group>"; };
		FB4F32282589A34400EC89EF /* LargeCollectionViewCell.xib */ = {isa = PBXFileReference; lastKnownFileType = file.xib; path = LargeCollectionViewCell.xib; sourceTree = "<group>"; };
		FB4F322C2589A35700EC89EF /* MediumCollectionViewCell.swift */ = {isa = PBXFileReference; lastKnownFileType = sourcecode.swift; path = MediumCollectionViewCell.swift; sourceTree = "<group>"; };
		FB4F322D2589A35700EC89EF /* MediumCollectionViewCell.xib */ = {isa = PBXFileReference; lastKnownFileType = file.xib; path = MediumCollectionViewCell.xib; sourceTree = "<group>"; };
		FB4F32312589A36400EC89EF /* SmallCollectionViewCell.swift */ = {isa = PBXFileReference; lastKnownFileType = sourcecode.swift; path = SmallCollectionViewCell.swift; sourceTree = "<group>"; };
		FB4F32322589A36400EC89EF /* SmallCollectionViewCell.xib */ = {isa = PBXFileReference; lastKnownFileType = file.xib; path = SmallCollectionViewCell.xib; sourceTree = "<group>"; };
		FB4F325B2589E98400EC89EF /* Image Extension.swift */ = {isa = PBXFileReference; lastKnownFileType = sourcecode.swift; path = "Image Extension.swift"; sourceTree = "<group>"; };
		FB4F325E2589F40600EC89EF /* Model.swift */ = {isa = PBXFileReference; lastKnownFileType = sourcecode.swift; path = Model.swift; sourceTree = "<group>"; };
/* End PBXFileReference section */

/* Begin PBXFrameworksBuildPhase section */
		FB2CCA122588BBC300B189DA /* Frameworks */ = {
			isa = PBXFrameworksBuildPhase;
			buildActionMask = 2147483647;
			files = (
			);
			runOnlyForDeploymentPostprocessing = 0;
		};
/* End PBXFrameworksBuildPhase section */

/* Begin PBXGroup section */
		FB2CCA0C2588BBC300B189DA = {
			isa = PBXGroup;
			children = (
				FB2CCA172588BBC300B189DA /* Recipe Practice */,
				FB2CCA162588BBC300B189DA /* Products */,
			);
			sourceTree = "<group>";
		};
		FB2CCA162588BBC300B189DA /* Products */ = {
			isa = PBXGroup;
			children = (
				FB2CCA152588BBC300B189DA /* Recipe Practice.app */,
			);
			name = Products;
			sourceTree = "<group>";
		};
		FB2CCA172588BBC300B189DA /* Recipe Practice */ = {
			isa = PBXGroup;
			children = (
				FB4F320E2588F12A00EC89EF /* Helper */,
				FB4F32132588F55E00EC89EF /* Model */,
				FB4F32232589A29D00EC89EF /* CollectionViewCell  */,
				FB2CCA2E2588C7BF00B189DA /* HomePage */,
				FB2CCA182588BBC300B189DA /* AppDelegate.swift */,
				FB2CCA1A2588BBC300B189DA /* SceneDelegate.swift */,
				FB2CCA1E2588BBC300B189DA /* Main.storyboard */,
				FB2CCA212588BBC400B189DA /* Assets.xcassets */,
				FB2CCA232588BBC400B189DA /* LaunchScreen.storyboard */,
				FB2CCA262588BBC400B189DA /* Info.plist */,
				FB4F321E2589A14D00EC89EF /* Tabbar */,
			);
			path = "Recipe Practice";
			sourceTree = "<group>";
		};
		FB2CCA2E2588C7BF00B189DA /* HomePage */ = {
			isa = PBXGroup;
			children = (
				FB2CCA1C2588BBC300B189DA /* HomeVC.swift */,
			);
			path = HomePage;
			sourceTree = "<group>";
		};
		FB4F320E2588F12A00EC89EF /* Helper */ = {
			isa = PBXGroup;
			children = (
				FB4F32152588F66500EC89EF /* Color.swift */,
				FB4F325B2589E98400EC89EF /* Image Extension.swift */,
			);
			path = Helper;
			sourceTree = "<group>";
		};
		FB4F32132588F55E00EC89EF /* Model */ = {
			isa = PBXGroup;
			children = (
				FB4F325E2589F40600EC89EF /* Model.swift */,
			);
			path = Model;
			sourceTree = "<group>";
		};
		FB4F321E2589A14D00EC89EF /* Tabbar */ = {
			isa = PBXGroup;
			children = (
				FB4F321B258910DF00EC89EF /* CustomTabbar.swift */,
			);
			path = Tabbar;
			sourceTree = "<group>";
		};
		FB4F32232589A29D00EC89EF /* CollectionViewCell  */ = {
			isa = PBXGroup;
			children = (
				FB4F32242589A2C500EC89EF /* LargeCell */,
				FB4F32252589A2DC00EC89EF /* MediumCell */,
				FB4F32262589A2FF00EC89EF /* SmallCell */,
			);
			path = "CollectionViewCell ";
			sourceTree = "<group>";
		};
		FB4F32242589A2C500EC89EF /* LargeCell */ = {
			isa = PBXGroup;
			children = (
				FB4F32272589A34400EC89EF /* LargeCollectionViewCell.swift */,
				FB4F32282589A34400EC89EF /* LargeCollectionViewCell.xib */,
			);
			path = LargeCell;
			sourceTree = "<group>";
		};
		FB4F32252589A2DC00EC89EF /* MediumCell */ = {
			isa = PBXGroup;
			children = (
				FB4F322C2589A35700EC89EF /* MediumCollectionViewCell.swift */,
				FB4F322D2589A35700EC89EF /* MediumCollectionViewCell.xib */,
			);
			path = MediumCell;
			sourceTree = "<group>";
		};
		FB4F32262589A2FF00EC89EF /* SmallCell */ = {
			isa = PBXGroup;
			children = (
				FB4F32312589A36400EC89EF /* SmallCollectionViewCell.swift */,
				FB4F32322589A36400EC89EF /* SmallCollectionViewCell.xib */,
			);
			path = SmallCell;
			sourceTree = "<group>";
		};
/* End PBXGroup section */

/* Begin PBXNativeTarget section */
		FB2CCA142588BBC300B189DA /* Recipe Practice */ = {
			isa = PBXNativeTarget;
			buildConfigurationList = FB2CCA292588BBC400B189DA /* Build configuration list for PBXNativeTarget "Recipe Practice" */;
			buildPhases = (
				FB2CCA112588BBC300B189DA /* Sources */,
				FB2CCA122588BBC300B189DA /* Frameworks */,
				FB2CCA132588BBC300B189DA /* Resources */,
			);
			buildRules = (
			);
			dependencies = (
			);
			name = "Recipe Practice";
			productName = "Recipe Practice";
			productReference = FB2CCA152588BBC300B189DA /* Recipe Practice.app */;
			productType = "com.apple.product-type.application";
		};
/* End PBXNativeTarget section */

/* Begin PBXProject section */
		FB2CCA0D2588BBC300B189DA /* Project object */ = {
			isa = PBXProject;
			attributes = {
				LastSwiftUpdateCheck = 1200;
				LastUpgradeCheck = 1200;
				TargetAttributes = {
					FB2CCA142588BBC300B189DA = {
						CreatedOnToolsVersion = 12.0.1;
					};
				};
			};
			buildConfigurationList = FB2CCA102588BBC300B189DA /* Build configuration list for PBXProject "Recipe Practice" */;
			compatibilityVersion = "Xcode 9.3";
			developmentRegion = en;
			hasScannedForEncodings = 0;
			knownRegions = (
				en,
				Base,
			);
			mainGroup = FB2CCA0C2588BBC300B189DA;
			productRefGroup = FB2CCA162588BBC300B189DA /* Products */;
			projectDirPath = "";
			projectRoot = "";
			targets = (
				FB2CCA142588BBC300B189DA /* Recipe Practice */,
			);
		};
/* End PBXProject section */

/* Begin PBXResourcesBuildPhase section */
		FB2CCA132588BBC300B189DA /* Resources */ = {
			isa = PBXResourcesBuildPhase;
			buildActionMask = 2147483647;
			files = (
				FB2CCA252588BBC400B189DA /* LaunchScreen.storyboard in Resources */,
				FB2CCA222588BBC400B189DA /* Assets.xcassets in Resources */,
				FB4F322A2589A34400EC89EF /* LargeCollectionViewCell.xib in Resources */,
				FB4F322F2589A35700EC89EF /* MediumCollectionViewCell.xib in Resources */,
				FB4F32342589A36400EC89EF /* SmallCollectionViewCell.xib in Resources */,
				FB2CCA202588BBC300B189DA /* Main.storyboard in Resources */,
			);
			runOnlyForDeploymentPostprocessing = 0;
		};
/* End PBXResourcesBuildPhase section */

/* Begin PBXSourcesBuildPhase section */
		FB2CCA112588BBC300B189DA /* Sources */ = {
			isa = PBXSourcesBuildPhase;
			buildActionMask = 2147483647;
			files = (
				FB4F32332589A36400EC89EF /* SmallCollectionViewCell.swift in Sources */,
				FB4F321C258910DF00EC89EF /* CustomTabbar.swift in Sources */,
				FB2CCA1D2588BBC300B189DA /* HomeVC.swift in Sources */,
				FB4F32162588F66500EC89EF /* Color.swift in Sources */,
				FB2CCA192588BBC300B189DA /* AppDelegate.swift in Sources */,
				FB4F325F2589F40600EC89EF /* Model.swift in Sources */,
				FB4F32292589A34400EC89EF /* LargeCollectionViewCell.swift in Sources */,
				FB4F325C2589E98400EC89EF /* Image Extension.swift in Sources */,
				FB4F322E2589A35700EC89EF /* MediumCollectionViewCell.swift in Sources */,
				FB2CCA1B2588BBC300B189DA /* SceneDelegate.swift in Sources */,
			);
			runOnlyForDeploymentPostprocessing = 0;
		};
/* End PBXSourcesBuildPhase section */

/* Begin PBXVariantGroup section */
		FB2CCA1E2588BBC300B189DA /* Main.storyboard */ = {
			isa = PBXVariantGroup;
			children = (
				FB2CCA1F2588BBC300B189DA /* Base */,
			);
			name = Main.storyboard;
			sourceTree = "<group>";
		};
		FB2CCA232588BBC400B189DA /* LaunchScreen.storyboard */ = {
			isa = PBXVariantGroup;
			children = (
				FB2CCA242588BBC400B189DA /* Base */,
			);
			name = LaunchScreen.storyboard;
			sourceTree = "<group>";
		};
/* End PBXVariantGroup section */

/* Begin XCBuildConfiguration section */
		FB2CCA272588BBC400B189DA /* Debug */ = {
			isa = XCBuildConfiguration;
			buildSettings = {
				ALWAYS_SEARCH_USER_PATHS = NO;
				CLANG_ANALYZER_NONNULL = YES;
				CLANG_ANALYZER_NUMBER_OBJECT_CONVERSION = YES_AGGRESSIVE;
				CLANG_CXX_LANGUAGE_STANDARD = "gnu++14";
				CLANG_CXX_LIBRARY = "libc++";
				CLANG_ENABLE_MODULES = YES;
				CLANG_ENABLE_OBJC_ARC = YES;
				CLANG_ENABLE_OBJC_WEAK = YES;
				CLANG_WARN_BLOCK_CAPTURE_AUTORELEASING = YES;
				CLANG_WARN_BOOL_CONVERSION = YES;
				CLANG_WARN_COMMA = YES;
				CLANG_WARN_CONSTANT_CONVERSION = YES;
				CLANG_WARN_DEPRECATED_OBJC_IMPLEMENTATIONS = YES;
				CLANG_WARN_DIRECT_OBJC_ISA_USAGE = YES_ERROR;
				CLANG_WARN_DOCUMENTATION_COMMENTS = YES;
				CLANG_WARN_EMPTY_BODY = YES;
				CLANG_WARN_ENUM_CONVERSION = YES;
				CLANG_WARN_INFINITE_RECURSION = YES;
				CLANG_WARN_INT_CONVERSION = YES;
				CLANG_WARN_NON_LITERAL_NULL_CONVERSION = YES;
				CLANG_WARN_OBJC_IMPLICIT_RETAIN_SELF = YES;
				CLANG_WARN_OBJC_LITERAL_CONVERSION = YES;
				CLANG_WARN_OBJC_ROOT_CLASS = YES_ERROR;
				CLANG_WARN_QUOTED_INCLUDE_IN_FRAMEWORK_HEADER = YES;
				CLANG_WARN_RANGE_LOOP_ANALYSIS = YES;
				CLANG_WARN_STRICT_PROTOTYPES = YES;
				CLANG_WARN_SUSPICIOUS_MOVE = YES;
				CLANG_WARN_UNGUARDED_AVAILABILITY = YES_AGGRESSIVE;
				CLANG_WARN_UNREACHABLE_CODE = YES;
				CLANG_WARN__DUPLICATE_METHOD_MATCH = YES;
				COPY_PHASE_STRIP = NO;
				DEBUG_INFORMATION_FORMAT = dwarf;
				ENABLE_STRICT_OBJC_MSGSEND = YES;
				ENABLE_TESTABILITY = YES;
				GCC_C_LANGUAGE_STANDARD = gnu11;
				GCC_DYNAMIC_NO_PIC = NO;
				GCC_NO_COMMON_BLOCKS = YES;
				GCC_OPTIMIZATION_LEVEL = 0;
				GCC_PREPROCESSOR_DEFINITIONS = (
					"DEBUG=1",
					"$(inherited)",
				);
				GCC_WARN_64_TO_32_BIT_CONVERSION = YES;
				GCC_WARN_ABOUT_RETURN_TYPE = YES_ERROR;
				GCC_WARN_UNDECLARED_SELECTOR = YES;
				GCC_WARN_UNINITIALIZED_AUTOS = YES_AGGRESSIVE;
				GCC_WARN_UNUSED_FUNCTION = YES;
				GCC_WARN_UNUSED_VARIABLE = YES;
				IPHONEOS_DEPLOYMENT_TARGET = 14.0;
				MTL_ENABLE_DEBUG_INFO = INCLUDE_SOURCE;
				MTL_FAST_MATH = YES;
				ONLY_ACTIVE_ARCH = YES;
				SDKROOT = iphoneos;
				SWIFT_ACTIVE_COMPILATION_CONDITIONS = DEBUG;
				SWIFT_OPTIMIZATION_LEVEL = "-Onone";
			};
			name = Debug;
		};
		FB2CCA282588BBC400B189DA /* Release */ = {
			isa = XCBuildConfiguration;
			buildSettings = {
				ALWAYS_SEARCH_USER_PATHS = NO;
				CLANG_ANALYZER_NONNULL = YES;
				CLANG_ANALYZER_NUMBER_OBJECT_CONVERSION = YES_AGGRESSIVE;
				CLANG_CXX_LANGUAGE_STANDARD = "gnu++14";
				CLANG_CXX_LIBRARY = "libc++";
				CLANG_ENABLE_MODULES = YES;
				CLANG_ENABLE_OBJC_ARC = YES;
				CLANG_ENABLE_OBJC_WEAK = YES;
				CLANG_WARN_BLOCK_CAPTURE_AUTORELEASING = YES;
				CLANG_WARN_BOOL_CONVERSION = YES;
				CLANG_WARN_COMMA = YES;
				CLANG_WARN_CONSTANT_CONVERSION = YES;
				CLANG_WARN_DEPRECATED_OBJC_IMPLEMENTATIONS = YES;
				CLANG_WARN_DIRECT_OBJC_ISA_USAGE = YES_ERROR;
				CLANG_WARN_DOCUMENTATION_COMMENTS = YES;
				CLANG_WARN_EMPTY_BODY = YES;
				CLANG_WARN_ENUM_CONVERSION = YES;
				CLANG_WARN_INFINITE_RECURSION = YES;
				CLANG_WARN_INT_CONVERSION = YES;
				CLANG_WARN_NON_LITERAL_NULL_CONVERSION = YES;
				CLANG_WARN_OBJC_IMPLICIT_RETAIN_SELF = YES;
				CLANG_WARN_OBJC_LITERAL_CONVERSION = YES;
				CLANG_WARN_OBJC_ROOT_CLASS = YES_ERROR;
				CLANG_WARN_QUOTED_INCLUDE_IN_FRAMEWORK_HEADER = YES;
				CLANG_WARN_RANGE_LOOP_ANALYSIS = YES;
				CLANG_WARN_STRICT_PROTOTYPES = YES;
				CLANG_WARN_SUSPICIOUS_MOVE = YES;
				CLANG_WARN_UNGUARDED_AVAILABILITY = YES_AGGRESSIVE;
				CLANG_WARN_UNREACHABLE_CODE = YES;
				CLANG_WARN__DUPLICATE_METHOD_MATCH = YES;
				COPY_PHASE_STRIP = NO;
				DEBUG_INFORMATION_FORMAT = "dwarf-with-dsym";
				ENABLE_NS_ASSERTIONS = NO;
				ENABLE_STRICT_OBJC_MSGSEND = YES;
				GCC_C_LANGUAGE_STANDARD = gnu11;
				GCC_NO_COMMON_BLOCKS = YES;
				GCC_WARN_64_TO_32_BIT_CONVERSION = YES;
				GCC_WARN_ABOUT_RETURN_TYPE = YES_ERROR;
				GCC_WARN_UNDECLARED_SELECTOR = YES;
				GCC_WARN_UNINITIALIZED_AUTOS = YES_AGGRESSIVE;
				GCC_WARN_UNUSED_FUNCTION = YES;
				GCC_WARN_UNUSED_VARIABLE = YES;
				IPHONEOS_DEPLOYMENT_TARGET = 14.0;
				MTL_ENABLE_DEBUG_INFO = NO;
				MTL_FAST_MATH = YES;
				SDKROOT = iphoneos;
				SWIFT_COMPILATION_MODE = wholemodule;
				SWIFT_OPTIMIZATION_LEVEL = "-O";
				VALIDATE_PRODUCT = YES;
			};
			name = Release;
		};
		FB2CCA2A2588BBC400B189DA /* Debug */ = {
			isa = XCBuildConfiguration;
			buildSettings = {
				ASSETCATALOG_COMPILER_APPICON_NAME = AppIcon;
				ASSETCATALOG_COMPILER_GLOBAL_ACCENT_COLOR_NAME = AccentColor;
				CODE_SIGN_STYLE = Automatic;
				DEVELOPMENT_TEAM = KA6B4A6D5D;
				INFOPLIST_FILE = "Recipe Practice/Info.plist";
				LD_RUNPATH_SEARCH_PATHS = (
					"$(inherited)",
					"@executable_path/Frameworks",
				);
				PRODUCT_BUNDLE_IDENTIFIER = "RayHsu.Recipe-Practice";
				PRODUCT_NAME = "$(TARGET_NAME)";
				SWIFT_VERSION = 5.0;
				TARGETED_DEVICE_FAMILY = "1,2";
			};
			name = Debug;
		};
		FB2CCA2B2588BBC400B189DA /* Release */ = {
			isa = XCBuildConfiguration;
			buildSettings = {
				ASSETCATALOG_COMPILER_APPICON_NAME = AppIcon;
				ASSETCATALOG_COMPILER_GLOBAL_ACCENT_COLOR_NAME = AccentColor;
				CODE_SIGN_STYLE = Automatic;
				DEVELOPMENT_TEAM = KA6B4A6D5D;
				INFOPLIST_FILE = "Recipe Practice/Info.plist";
				LD_RUNPATH_SEARCH_PATHS = (
					"$(inherited)",
					"@executable_path/Frameworks",
				);
				PRODUCT_BUNDLE_IDENTIFIER = "RayHsu.Recipe-Practice";
				PRODUCT_NAME = "$(TARGET_NAME)";
				SWIFT_VERSION = 5.0;
				TARGETED_DEVICE_FAMILY = "1,2";
			};
			name = Release;
		};
/* End XCBuildConfiguration section */

/* Begin XCConfigurationList section */
		FB2CCA102588BBC300B189DA /* Build configuration list for PBXProject "Recipe Practice" */ = {
			isa = XCConfigurationList;
			buildConfigurations = (
				FB2CCA272588BBC400B189DA /* Debug */,
				FB2CCA282588BBC400B189DA /* Release */,
			);
			defaultConfigurationIsVisible = 0;
			defaultConfigurationName = Release;
		};
		FB2CCA292588BBC400B189DA /* Build configuration list for PBXNativeTarget "Recipe Practice" */ = {
			isa = XCConfigurationList;
			buildConfigurations = (
				FB2CCA2A2588BBC400B189DA /* Debug */,
				FB2CCA2B2588BBC400B189DA /* Release */,
			);
			defaultConfigurationIsVisible = 0;
			defaultConfigurationName = Release;
		};
/* End XCConfigurationList section */
	};
	rootObject = FB2CCA0D2588BBC300B189DA /* Project object */;
}
