// !$*UTF8*$!
{
	archiveVersion = 1;
	classes = {
	};
	objectVersion = 50;
	objects = {

/* Begin PBXBuildFile section */
		FB27B154258B792300766BBA /* ComposeMealVC.swift in Sources */ = {isa = PBXBuildFile; fileRef = FB27B153258B792300766BBA /* ComposeMealVC.swift */; };
		FB27B157258B7E5C00766BBA /* CustomViewFactory.swift in Sources */ = {isa = PBXBuildFile; fileRef = FB27B156258B7E5C00766BBA /* CustomViewFactory.swift */; };
		FB27B161258C9D2F00766BBA /* ViewForComposeVC.swift in Sources */ = {isa = PBXBuildFile; fileRef = FB27B160258C9D2F00766BBA /* ViewForComposeVC.swift */; };
		FB2B4921258EFAF30081EE63 /* IngredientListVC.swift in Sources */ = {isa = PBXBuildFile; fileRef = FB2B4920258EFAF30081EE63 /* IngredientListVC.swift */; };
		FB2CCA192588BBC300B189DA /* AppDelegate.swift in Sources */ = {isa = PBXBuildFile; fileRef = FB2CCA182588BBC300B189DA /* AppDelegate.swift */; };
		FB2CCA1B2588BBC300B189DA /* SceneDelegate.swift in Sources */ = {isa = PBXBuildFile; fileRef = FB2CCA1A2588BBC300B189DA /* SceneDelegate.swift */; };
		FB2CCA1D2588BBC300B189DA /* HomeVC.swift in Sources */ = {isa = PBXBuildFile; fileRef = FB2CCA1C2588BBC300B189DA /* HomeVC.swift */; };
		FB2CCA202588BBC300B189DA /* Main.storyboard in Resources */ = {isa = PBXBuildFile; fileRef = FB2CCA1E2588BBC300B189DA /* Main.storyboard */; };
		FB2CCA222588BBC400B189DA /* Assets.xcassets in Resources */ = {isa = PBXBuildFile; fileRef = FB2CCA212588BBC400B189DA /* Assets.xcassets */; };
		FB2CCA252588BBC400B189DA /* LaunchScreen.storyboard in Resources */ = {isa = PBXBuildFile; fileRef = FB2CCA232588BBC400B189DA /* LaunchScreen.storyboard */; };
		FB4F32162588F66500EC89EF /* Color.swift in Sources */ = {isa = PBXBuildFile; fileRef = FB4F32152588F66500EC89EF /* Color.swift */; };
		FB4F321C258910DF00EC89EF /* CustomTabbar.swift in Sources */ = {isa = PBXBuildFile; fileRef = FB4F321B258910DF00EC89EF /* CustomTabbar.swift */; };
		FB4F32292589A34400EC89EF /* LargeCollectionViewCell.swift in Sources */ = {isa = PBXBuildFile; fileRef = FB4F32272589A34400EC89EF /* LargeCollectionViewCell.swift */; };
		FB4F322A2589A34400EC89EF /* LargeCollectionViewCell.xib in Resources */ = {isa = PBXBuildFile; fileRef = FB4F32282589A34400EC89EF /* LargeCollectionViewCell.xib */; };
		FB4F322E2589A35700EC89EF /* MediumCollectionViewCell.swift in Sources */ = {isa = PBXBuildFile; fileRef = FB4F322C2589A35700EC89EF /* MediumCollectionViewCell.swift */; };
		FB4F322F2589A35700EC89EF /* MediumCollectionViewCell.xib in Resources */ = {isa = PBXBuildFile; fileRef = FB4F322D2589A35700EC89EF /* MediumCollectionViewCell.xib */; };
		FB4F32332589A36400EC89EF /* SmallCollectionViewCell.swift in Sources */ = {isa = PBXBuildFile; fileRef = FB4F32312589A36400EC89EF /* SmallCollectionViewCell.swift */; };
		FB4F32342589A36400EC89EF /* SmallCollectionViewCell.xib in Resources */ = {isa = PBXBuildFile; fileRef = FB4F32322589A36400EC89EF /* SmallCollectionViewCell.xib */; };
		FB4F325C2589E98400EC89EF /* Image Extension.swift in Sources */ = {isa = PBXBuildFile; fileRef = FB4F325B2589E98400EC89EF /* Image Extension.swift */; };
		FB4F3272258A08BB00EC89EF /* LargCollectionViewCellVC.swift in Sources */ = {isa = PBXBuildFile; fileRef = FB4F3270258A08BB00EC89EF /* LargCollectionViewCellVC.swift */; };
		FB4F3273258A08BB00EC89EF /* LargCollectionViewCellVC.xib in Resources */ = {isa = PBXBuildFile; fileRef = FB4F3271258A08BB00EC89EF /* LargCollectionViewCellVC.xib */; };
		FB5EE98E258AF96D0086B383 /* ContentModel.swift in Sources */ = {isa = PBXBuildFile; fileRef = FB5EE98D258AF96D0086B383 /* ContentModel.swift */; };
		FB5EE996258B064F0086B383 /* SmallCell.swift in Sources */ = {isa = PBXBuildFile; fileRef = FB5EE994258B064F0086B383 /* SmallCell.swift */; };
		FB5EE997258B064F0086B383 /* SmallCell.xib in Resources */ = {isa = PBXBuildFile; fileRef = FB5EE995258B064F0086B383 /* SmallCell.xib */; };
		FB6E53FC258CD9A700E6FAA4 /* IngredientsTableViewCell.swift in Sources */ = {isa = PBXBuildFile; fileRef = FB6E53FA258CD9A700E6FAA4 /* IngredientsTableViewCell.swift */; };
		FB6E53FD258CD9A700E6FAA4 /* IngredientsTableViewCell.xib in Resources */ = {isa = PBXBuildFile; fileRef = FB6E53FB258CD9A700E6FAA4 /* IngredientsTableViewCell.xib */; };
		FB6E5400258CD9CE00E6FAA4 /* Reusable.swift in Sources */ = {isa = PBXBuildFile; fileRef = FB6E53FF258CD9CE00E6FAA4 /* Reusable.swift */; };
		FB6E540B258CDF7900E6FAA4 /* Model.swift in Sources */ = {isa = PBXBuildFile; fileRef = FB6E540A258CDF7900E6FAA4 /* Model.swift */; };
		FB8230302591FA2A0023F3C5 /* Recipe Model.swift in Sources */ = {isa = PBXBuildFile; fileRef = FB82302F2591FA2A0023F3C5 /* Recipe Model.swift */; };
		FB8230392592060E0023F3C5 /* RecipeTableViewCell.swift in Sources */ = {isa = PBXBuildFile; fileRef = FB8230372592060E0023F3C5 /* RecipeTableViewCell.swift */; };
		FB82303A2592060E0023F3C5 /* RecipeTableViewCell.xib in Resources */ = {isa = PBXBuildFile; fileRef = FB8230382592060E0023F3C5 /* RecipeTableViewCell.xib */; };
		FB9DD476258E4F790077E576 /* CollectionReusableHeader.swift in Sources */ = {isa = PBXBuildFile; fileRef = FB9DD475258E4F790077E576 /* CollectionReusableHeader.swift */; };
		FBE25182258DEB4200F7C63C /* Button Extension.swift in Sources */ = {isa = PBXBuildFile; fileRef = FBE25181258DEB4200F7C63C /* Button Extension.swift */; };
		FBE25188258DEEC700F7C63C /* IngredientCollectionViewCell.swift in Sources */ = {isa = PBXBuildFile; fileRef = FBE25186258DEEC700F7C63C /* IngredientCollectionViewCell.swift */; };
		FBE25189258DEEC700F7C63C /* IngredientCollectionViewCell.xib in Resources */ = {isa = PBXBuildFile; fileRef = FBE25187258DEEC700F7C63C /* IngredientCollectionViewCell.xib */; };
		FBE675BB25903DE600D9CBD0 /* ViewForIngredientListVC.swift in Sources */ = {isa = PBXBuildFile; fileRef = FBE675BA25903DE600D9CBD0 /* ViewForIngredientListVC.swift */; };
		FBE675BF2590AD6200D9CBD0 /* View Extension.swift in Sources */ = {isa = PBXBuildFile; fileRef = FBE675BE2590AD6200D9CBD0 /* View Extension.swift */; };
		FBE675C32590DBC700D9CBD0 /* ScanVC.swift in Sources */ = {isa = PBXBuildFile; fileRef = FBE675C22590DBC700D9CBD0 /* ScanVC.swift */; };
		FBE675C72590DC2900D9CBD0 /* ViewForScanVC.swift in Sources */ = {isa = PBXBuildFile; fileRef = FBE675C62590DC2900D9CBD0 /* ViewForScanVC.swift */; };
		FBE675CC2591967400D9CBD0 /* LabelWithInset.swift in Sources */ = {isa = PBXBuildFile; fileRef = FBE675CB2591967400D9CBD0 /* LabelWithInset.swift */; };
		FBE675D32591C7B100D9CBD0 /* PreparingVC.swift in Sources */ = {isa = PBXBuildFile; fileRef = FBE675D22591C7B100D9CBD0 /* PreparingVC.swift */; };
		FBE675D82591C7D100D9CBD0 /* ViewForPreparingVC.swift in Sources */ = {isa = PBXBuildFile; fileRef = FBE675D72591C7D100D9CBD0 /* ViewForPreparingVC.swift */; };
		FBE675DE2591D5E900D9CBD0 /* PreparedRecipeVC.swift in Sources */ = {isa = PBXBuildFile; fileRef = FBE675DD2591D5E900D9CBD0 /* PreparedRecipeVC.swift */; };
		FBE675E32591D60100D9CBD0 /* ViewForPreparedRecipe.swift in Sources */ = {isa = PBXBuildFile; fileRef = FBE675E22591D60100D9CBD0 /* ViewForPreparedRecipe.swift */; };
/* End PBXBuildFile section */

/* Begin PBXFileReference section */
		FB27B153258B792300766BBA /* ComposeMealVC.swift */ = {isa = PBXFileReference; lastKnownFileType = sourcecode.swift; path = ComposeMealVC.swift; sourceTree = "<group>"; };
		FB27B156258B7E5C00766BBA /* CustomViewFactory.swift */ = {isa = PBXFileReference; lastKnownFileType = sourcecode.swift; path = CustomViewFactory.swift; sourceTree = "<group>"; };
		FB27B160258C9D2F00766BBA /* ViewForComposeVC.swift */ = {isa = PBXFileReference; lastKnownFileType = sourcecode.swift; path = ViewForComposeVC.swift; sourceTree = "<group>"; };
		FB2B4920258EFAF30081EE63 /* IngredientListVC.swift */ = {isa = PBXFileReference; lastKnownFileType = sourcecode.swift; path = IngredientListVC.swift; sourceTree = "<group>"; };
		FB2CCA152588BBC300B189DA /* Recipe Practice.app */ = {isa = PBXFileReference; explicitFileType = wrapper.application; includeInIndex = 0; path = "Recipe Practice.app"; sourceTree = BUILT_PRODUCTS_DIR; };
		FB2CCA182588BBC300B189DA /* AppDelegate.swift */ = {isa = PBXFileReference; lastKnownFileType = sourcecode.swift; path = AppDelegate.swift; sourceTree = "<group>"; };
		FB2CCA1A2588BBC300B189DA /* SceneDelegate.swift */ = {isa = PBXFileReference; lastKnownFileType = sourcecode.swift; path = SceneDelegate.swift; sourceTree = "<group>"; };
		FB2CCA1C2588BBC300B189DA /* HomeVC.swift */ = {isa = PBXFileReference; lastKnownFileType = sourcecode.swift; path = HomeVC.swift; sourceTree = "<group>"; };
		FB2CCA1F2588BBC300B189DA /* Base */ = {isa = PBXFileReference; lastKnownFileType = file.storyboard; name = Base; path = Base.lproj/Main.storyboard; sourceTree = "<group>"; };
		FB2CCA212588BBC400B189DA /* Assets.xcassets */ = {isa = PBXFileReference; lastKnownFileType = folder.assetcatalog; path = Assets.xcassets; sourceTree = "<group>"; };
		FB2CCA242588BBC400B189DA /* Base */ = {isa = PBXFileReference; lastKnownFileType = file.storyboard; name = Base; path = Base.lproj/LaunchScreen.storyboard; sourceTree = "<group>"; };
		FB2CCA262588BBC400B189DA /* Info.plist */ = {isa = PBXFileReference; lastKnownFileType = text.plist.xml; path = Info.plist; sourceTree = "<group>"; };
		FB4F32152588F66500EC89EF /* Color.swift */ = {isa = PBXFileReference; lastKnownFileType = sourcecode.swift; path = Color.swift; sourceTree = "<group>"; };
		FB4F321B258910DF00EC89EF /* CustomTabbar.swift */ = {isa = PBXFileReference; lastKnownFileType = sourcecode.swift; path = CustomTabbar.swift; sourceTree = "<group>"; };
		FB4F32272589A34400EC89EF /* LargeCollectionViewCell.swift */ = {isa = PBXFileReference; lastKnownFileType = sourcecode.swift; path = LargeCollectionViewCell.swift; sourceTree = "<group>"; };
		FB4F32282589A34400EC89EF /* LargeCollectionViewCell.xib */ = {isa = PBXFileReference; lastKnownFileType = file.xib; path = LargeCollectionViewCell.xib; sourceTree = "<group>"; };
		FB4F322C2589A35700EC89EF /* MediumCollectionViewCell.swift */ = {isa = PBXFileReference; lastKnownFileType = sourcecode.swift; path = MediumCollectionViewCell.swift; sourceTree = "<group>"; };
		FB4F322D2589A35700EC89EF /* MediumCollectionViewCell.xib */ = {isa = PBXFileReference; lastKnownFileType = file.xib; path = MediumCollectionViewCell.xib; sourceTree = "<group>"; };
		FB4F32312589A36400EC89EF /* SmallCollectionViewCell.swift */ = {isa = PBXFileReference; lastKnownFileType = sourcecode.swift; path = SmallCollectionViewCell.swift; sourceTree = "<group>"; };
		FB4F32322589A36400EC89EF /* SmallCollectionViewCell.xib */ = {isa = PBXFileReference; lastKnownFileType = file.xib; path = SmallCollectionViewCell.xib; sourceTree = "<group>"; };
		FB4F325B2589E98400EC89EF /* Image Extension.swift */ = {isa = PBXFileReference; lastKnownFileType = sourcecode.swift; path = "Image Extension.swift"; sourceTree = "<group>"; };
		FB4F3270258A08BB00EC89EF /* LargCollectionViewCellVC.swift */ = {isa = PBXFileReference; lastKnownFileType = sourcecode.swift; path = LargCollectionViewCellVC.swift; sourceTree = "<group>"; };
		FB4F3271258A08BB00EC89EF /* LargCollectionViewCellVC.xib */ = {isa = PBXFileReference; lastKnownFileType = file.xib; path = LargCollectionViewCellVC.xib; sourceTree = "<group>"; };
		FB5EE98D258AF96D0086B383 /* ContentModel.swift */ = {isa = PBXFileReference; lastKnownFileType = sourcecode.swift; path = ContentModel.swift; sourceTree = "<group>"; };
		FB5EE994258B064F0086B383 /* SmallCell.swift */ = {isa = PBXFileReference; lastKnownFileType = sourcecode.swift; path = SmallCell.swift; sourceTree = "<group>"; };
		FB5EE995258B064F0086B383 /* SmallCell.xib */ = {isa = PBXFileReference; lastKnownFileType = file.xib; path = SmallCell.xib; sourceTree = "<group>"; };
		FB6E53FA258CD9A700E6FAA4 /* IngredientsTableViewCell.swift */ = {isa = PBXFileReference; lastKnownFileType = sourcecode.swift; path = IngredientsTableViewCell.swift; sourceTree = "<group>"; };
		FB6E53FB258CD9A700E6FAA4 /* IngredientsTableViewCell.xib */ = {isa = PBXFileReference; lastKnownFileType = file.xib; path = IngredientsTableViewCell.xib; sourceTree = "<group>"; };
		FB6E53FF258CD9CE00E6FAA4 /* Reusable.swift */ = {isa = PBXFileReference; lastKnownFileType = sourcecode.swift; path = Reusable.swift; sourceTree = "<group>"; };
		FB6E540A258CDF7900E6FAA4 /* Model.swift */ = {isa = PBXFileReference; lastKnownFileType = sourcecode.swift; path = Model.swift; sourceTree = "<group>"; };
		FB82302F2591FA2A0023F3C5 /* Recipe Model.swift */ = {isa = PBXFileReference; lastKnownFileType = sourcecode.swift; path = "Recipe Model.swift"; sourceTree = "<group>"; };
		FB8230372592060E0023F3C5 /* RecipeTableViewCell.swift */ = {isa = PBXFileReference; lastKnownFileType = sourcecode.swift; path = RecipeTableViewCell.swift; sourceTree = "<group>"; };
		FB8230382592060E0023F3C5 /* RecipeTableViewCell.xib */ = {isa = PBXFileReference; lastKnownFileType = file.xib; path = RecipeTableViewCell.xib; sourceTree = "<group>"; };
		FB9DD475258E4F790077E576 /* CollectionReusableHeader.swift */ = {isa = PBXFileReference; lastKnownFileType = sourcecode.swift; path = CollectionReusableHeader.swift; sourceTree = "<group>"; };
		FBE25181258DEB4200F7C63C /* Button Extension.swift */ = {isa = PBXFileReference; lastKnownFileType = sourcecode.swift; path = "Button Extension.swift"; sourceTree = "<group>"; };
		FBE25186258DEEC700F7C63C /* IngredientCollectionViewCell.swift */ = {isa = PBXFileReference; lastKnownFileType = sourcecode.swift; path = IngredientCollectionViewCell.swift; sourceTree = "<group>"; };
		FBE25187258DEEC700F7C63C /* IngredientCollectionViewCell.xib */ = {isa = PBXFileReference; lastKnownFileType = file.xib; path = IngredientCollectionViewCell.xib; sourceTree = "<group>"; };
		FBE675BA25903DE600D9CBD0 /* ViewForIngredientListVC.swift */ = {isa = PBXFileReference; lastKnownFileType = sourcecode.swift; path = ViewForIngredientListVC.swift; sourceTree = "<group>"; };
		FBE675BE2590AD6200D9CBD0 /* View Extension.swift */ = {isa = PBXFileReference; lastKnownFileType = sourcecode.swift; path = "View Extension.swift"; sourceTree = "<group>"; };
		FBE675C22590DBC700D9CBD0 /* ScanVC.swift */ = {isa = PBXFileReference; lastKnownFileType = sourcecode.swift; path = ScanVC.swift; sourceTree = "<group>"; };
		FBE675C62590DC2900D9CBD0 /* ViewForScanVC.swift */ = {isa = PBXFileReference; lastKnownFileType = sourcecode.swift; path = ViewForScanVC.swift; sourceTree = "<group>"; };
		FBE675CB2591967400D9CBD0 /* LabelWithInset.swift */ = {isa = PBXFileReference; lastKnownFileType = sourcecode.swift; path = LabelWithInset.swift; sourceTree = "<group>"; };
		FBE675D22591C7B100D9CBD0 /* PreparingVC.swift */ = {isa = PBXFileReference; lastKnownFileType = sourcecode.swift; path = PreparingVC.swift; sourceTree = "<group>"; };
		FBE675D72591C7D100D9CBD0 /* ViewForPreparingVC.swift */ = {isa = PBXFileReference; lastKnownFileType = sourcecode.swift; path = ViewForPreparingVC.swift; sourceTree = "<group>"; };
		FBE675DD2591D5E900D9CBD0 /* PreparedRecipeVC.swift */ = {isa = PBXFileReference; lastKnownFileType = sourcecode.swift; path = PreparedRecipeVC.swift; sourceTree = "<group>"; };
		FBE675E22591D60100D9CBD0 /* ViewForPreparedRecipe.swift */ = {isa = PBXFileReference; lastKnownFileType = sourcecode.swift; path = ViewForPreparedRecipe.swift; sourceTree = "<group>"; };
/* End PBXFileReference section */

/* Begin PBXFrameworksBuildPhase section */
		FB2CCA122588BBC300B189DA /* Frameworks */ = {
			isa = PBXFrameworksBuildPhase;
			buildActionMask = 2147483647;
			files = (
			);
			runOnlyForDeploymentPostprocessing = 0;
		};
/* End PBXFrameworksBuildPhase section */

/* Begin PBXGroup section */
		FB27B150258B5F7100766BBA /* CustomView */ = {
			isa = PBXGroup;
			children = (
				FB4F321E2589A14D00EC89EF /* Tabbar */,
				FB27B156258B7E5C00766BBA /* CustomViewFactory.swift */,
			);
			path = CustomView;
			sourceTree = "<group>";
		};
		FB27B152258B78AF00766BBA /* Home-compose */ = {
			isa = PBXGroup;
			children = (
				FB27B153258B792300766BBA /* ComposeMealVC.swift */,
				FB9DD478258E500E0077E576 /* View */,
				FB6E5408258CDF6600E6FAA4 /* Model */,
				FBE2517F258DAF4B00F7C63C /* CollectionViewCell */,
				FB6E53F9258CD95700E6FAA4 /* TableViewCell */,
			);
			path = "Home-compose";
			sourceTree = "<group>";
		};
		FB2B491F258EFA840081EE63 /* Home-IngredientList */ = {
			isa = PBXGroup;
			children = (
				FB2B4920258EFAF30081EE63 /* IngredientListVC.swift */,
				FB2B4924258EFED20081EE63 /* View */,
			);
			path = "Home-IngredientList";
			sourceTree = "<group>";
		};
		FB2B4924258EFED20081EE63 /* View */ = {
			isa = PBXGroup;
			children = (
				FBE675BA25903DE600D9CBD0 /* ViewForIngredientListVC.swift */,
			);
			path = View;
			sourceTree = "<group>";
		};
		FB2CCA0C2588BBC300B189DA = {
			isa = PBXGroup;
			children = (
				FB2CCA172588BBC300B189DA /* Recipe Practice */,
				FB2CCA162588BBC300B189DA /* Products */,
			);
			sourceTree = "<group>";
		};
		FB2CCA162588BBC300B189DA /* Products */ = {
			isa = PBXGroup;
			children = (
				FB2CCA152588BBC300B189DA /* Recipe Practice.app */,
			);
			name = Products;
			sourceTree = "<group>";
		};
		FB2CCA172588BBC300B189DA /* Recipe Practice */ = {
			isa = PBXGroup;
			children = (
				FB2CCA1E2588BBC300B189DA /* Main.storyboard */,
				FB2CCA232588BBC400B189DA /* LaunchScreen.storyboard */,
				FB2CCA262588BBC400B189DA /* Info.plist */,
				FB2CCA182588BBC300B189DA /* AppDelegate.swift */,
				FB2CCA1A2588BBC300B189DA /* SceneDelegate.swift */,
				FB2CCA212588BBC400B189DA /* Assets.xcassets */,
				FB4F320E2588F12A00EC89EF /* Helper */,
				FB27B150258B5F7100766BBA /* CustomView */,
				FB2CCA2E2588C7BF00B189DA /* HomePage */,
			);
			path = "Recipe Practice";
			sourceTree = "<group>";
		};
		FB2CCA2E2588C7BF00B189DA /* HomePage */ = {
			isa = PBXGroup;
			children = (
				FB6E53F5258CD8E100E6FAA4 /* Home */,
				FB27B152258B78AF00766BBA /* Home-compose */,
				FB2B491F258EFA840081EE63 /* Home-IngredientList */,
				FBE675C12590DB9600D9CBD0 /* Home-Scan */,
				FBE675D12591C75A00D9CBD0 /* Home-Preparing */,
				FBE675DB2591D5B400D9CBD0 /* Home-Prepared Recipe */,
			);
			path = HomePage;
			sourceTree = "<group>";
		};
		FB4F320E2588F12A00EC89EF /* Helper */ = {
			isa = PBXGroup;
			children = (
				FB4F32152588F66500EC89EF /* Color.swift */,
				FB4F325B2589E98400EC89EF /* Image Extension.swift */,
				FB6E53FF258CD9CE00E6FAA4 /* Reusable.swift */,
				FBE25181258DEB4200F7C63C /* Button Extension.swift */,
				FBE675BE2590AD6200D9CBD0 /* View Extension.swift */,
				FBE675CB2591967400D9CBD0 /* LabelWithInset.swift */,
			);
			path = Helper;
			sourceTree = "<group>";
		};
		FB4F321E2589A14D00EC89EF /* Tabbar */ = {
			isa = PBXGroup;
			children = (
				FB4F321B258910DF00EC89EF /* CustomTabbar.swift */,
			);
			path = Tabbar;
			sourceTree = "<group>";
		};
		FB4F32232589A29D00EC89EF /* CollectionViewCell  */ = {
			isa = PBXGroup;
			children = (
				FB4F32242589A2C500EC89EF /* LargeCellWithCollectionView */,
				FB4F32252589A2DC00EC89EF /* MediumCell */,
				FB4F32262589A2FF00EC89EF /* SmallCell */,
			);
			path = "CollectionViewCell ";
			sourceTree = "<group>";
		};
		FB4F32242589A2C500EC89EF /* LargeCellWithCollectionView */ = {
			isa = PBXGroup;
			children = (
				FB6E5405258CDCE200E6FAA4 /* CollectionVC */,
				FB4F3265258A076200EC89EF /* Cell */,
			);
			path = LargeCellWithCollectionView;
			sourceTree = "<group>";
		};
		FB4F32252589A2DC00EC89EF /* MediumCell */ = {
			isa = PBXGroup;
			children = (
				FB4F322C2589A35700EC89EF /* MediumCollectionViewCell.swift */,
				FB4F322D2589A35700EC89EF /* MediumCollectionViewCell.xib */,
			);
			path = MediumCell;
			sourceTree = "<group>";
		};
		FB4F32262589A2FF00EC89EF /* SmallCell */ = {
			isa = PBXGroup;
			children = (
				FB6E5404258CDCB500E6FAA4 /* CollectionVC */,
				FB6E5403258CDCA800E6FAA4 /* Cell */,
			);
			path = SmallCell;
			sourceTree = "<group>";
		};
		FB4F3265258A076200EC89EF /* Cell */ = {
			isa = PBXGroup;
			children = (
				FB4F32272589A34400EC89EF /* LargeCollectionViewCell.swift */,
				FB4F32282589A34400EC89EF /* LargeCollectionViewCell.xib */,
			);
			path = Cell;
			sourceTree = "<group>";
		};
		FB6E53F5258CD8E100E6FAA4 /* Home */ = {
			isa = PBXGroup;
			children = (
				FB2CCA1C2588BBC300B189DA /* HomeVC.swift */,
				FB6E5407258CDD4000E6FAA4 /* Model */,
				FB4F32232589A29D00EC89EF /* CollectionViewCell  */,
			);
			path = Home;
			sourceTree = "<group>";
		};
		FB6E53F9258CD95700E6FAA4 /* TableViewCell */ = {
			isa = PBXGroup;
			children = (
				FB6E53FA258CD9A700E6FAA4 /* IngredientsTableViewCell.swift */,
				FB6E53FB258CD9A700E6FAA4 /* IngredientsTableViewCell.xib */,
			);
			path = TableViewCell;
			sourceTree = "<group>";
		};
		FB6E5403258CDCA800E6FAA4 /* Cell */ = {
			isa = PBXGroup;
			children = (
				FB5EE994258B064F0086B383 /* SmallCell.swift */,
				FB5EE995258B064F0086B383 /* SmallCell.xib */,
			);
			path = Cell;
			sourceTree = "<group>";
		};
		FB6E5404258CDCB500E6FAA4 /* CollectionVC */ = {
			isa = PBXGroup;
			children = (
				FB4F32312589A36400EC89EF /* SmallCollectionViewCell.swift */,
				FB4F32322589A36400EC89EF /* SmallCollectionViewCell.xib */,
			);
			path = CollectionVC;
			sourceTree = "<group>";
		};
		FB6E5405258CDCE200E6FAA4 /* CollectionVC */ = {
			isa = PBXGroup;
			children = (
				FB4F3270258A08BB00EC89EF /* LargCollectionViewCellVC.swift */,
				FB4F3271258A08BB00EC89EF /* LargCollectionViewCellVC.xib */,
			);
			path = CollectionVC;
			sourceTree = "<group>";
		};
		FB6E5407258CDD4000E6FAA4 /* Model */ = {
			isa = PBXGroup;
			children = (
				FB5EE98D258AF96D0086B383 /* ContentModel.swift */,
			);
			path = Model;
			sourceTree = "<group>";
		};
		FB6E5408258CDF6600E6FAA4 /* Model */ = {
			isa = PBXGroup;
			children = (
				FB6E540A258CDF7900E6FAA4 /* Model.swift */,
			);
			path = Model;
			sourceTree = "<group>";
		};
		FB82302E2591FA0D0023F3C5 /* Model */ = {
			isa = PBXGroup;
			children = (
				FB82302F2591FA2A0023F3C5 /* Recipe Model.swift */,
			);
			path = Model;
			sourceTree = "<group>";
		};
		FB9DD478258E500E0077E576 /* View */ = {
			isa = PBXGroup;
			children = (
				FB27B160258C9D2F00766BBA /* ViewForComposeVC.swift */,
			);
			path = View;
			sourceTree = "<group>";
		};
		FBE2517F258DAF4B00F7C63C /* CollectionViewCell */ = {
			isa = PBXGroup;
			children = (
				FBE25186258DEEC700F7C63C /* IngredientCollectionViewCell.swift */,
				FBE25187258DEEC700F7C63C /* IngredientCollectionViewCell.xib */,
				FB9DD475258E4F790077E576 /* CollectionReusableHeader.swift */,
			);
			path = CollectionViewCell;
			sourceTree = "<group>";
		};
		FBE675C12590DB9600D9CBD0 /* Home-Scan */ = {
			isa = PBXGroup;
			children = (
				FBE675C22590DBC700D9CBD0 /* ScanVC.swift */,
				FBE675C52590DC0B00D9CBD0 /* View */,
			);
			path = "Home-Scan";
			sourceTree = "<group>";
		};
		FBE675C52590DC0B00D9CBD0 /* View */ = {
			isa = PBXGroup;
			children = (
				FBE675C62590DC2900D9CBD0 /* ViewForScanVC.swift */,
			);
			path = View;
			sourceTree = "<group>";
		};
		FBE675D12591C75A00D9CBD0 /* Home-Preparing */ = {
			isa = PBXGroup;
			children = (
				FBE675D22591C7B100D9CBD0 /* PreparingVC.swift */,
				FBE675D62591C7B600D9CBD0 /* View */,
			);
			path = "Home-Preparing";
			sourceTree = "<group>";
		};
		FBE675D62591C7B600D9CBD0 /* View */ = {
			isa = PBXGroup;
			children = (
				FBE675D72591C7D100D9CBD0 /* ViewForPreparingVC.swift */,
			);
			path = View;
			sourceTree = "<group>";
		};
		FBE675DB2591D5B400D9CBD0 /* Home-Prepared Recipe */ = {
			isa = PBXGroup;
			children = (
				FBE675DD2591D5E900D9CBD0 /* PreparedRecipeVC.swift */,
				FB82302E2591FA0D0023F3C5 /* Model */,
				FBE675E02591D5ED00D9CBD0 /* View */,
			);
			path = "Home-Prepared Recipe";
			sourceTree = "<group>";
		};
		FBE675E02591D5ED00D9CBD0 /* View */ = {
			isa = PBXGroup;
			children = (
				FBE675E22591D60100D9CBD0 /* ViewForPreparedRecipe.swift */,
				FBE675E62591DF8300D9CBD0 /* TableViewCell */,
			);
			path = View;
			sourceTree = "<group>";
		};
		FBE675E62591DF8300D9CBD0 /* TableViewCell */ = {
			isa = PBXGroup;
			children = (
				FB8230372592060E0023F3C5 /* RecipeTableViewCell.swift */,
				FB8230382592060E0023F3C5 /* RecipeTableViewCell.xib */,
			);
			path = TableViewCell;
			sourceTree = "<group>";
		};
/* End PBXGroup section */

/* Begin PBXNativeTarget section */
		FB2CCA142588BBC300B189DA /* Recipe Practice */ = {
			isa = PBXNativeTarget;
			buildConfigurationList = FB2CCA292588BBC400B189DA /* Build configuration list for PBXNativeTarget "Recipe Practice" */;
			buildPhases = (
				FB2CCA112588BBC300B189DA /* Sources */,
				FB2CCA122588BBC300B189DA /* Frameworks */,
				FB2CCA132588BBC300B189DA /* Resources */,
			);
			buildRules = (
			);
			dependencies = (
			);
			name = "Recipe Practice";
			productName = "Recipe Practice";
			productReference = FB2CCA152588BBC300B189DA /* Recipe Practice.app */;
			productType = "com.apple.product-type.application";
		};
/* End PBXNativeTarget section */

/* Begin PBXProject section */
		FB2CCA0D2588BBC300B189DA /* Project object */ = {
			isa = PBXProject;
			attributes = {
				LastSwiftUpdateCheck = 1200;
				LastUpgradeCheck = 1200;
				TargetAttributes = {
					FB2CCA142588BBC300B189DA = {
						CreatedOnToolsVersion = 12.0.1;
					};
				};
			};
			buildConfigurationList = FB2CCA102588BBC300B189DA /* Build configuration list for PBXProject "Recipe Practice" */;
			compatibilityVersion = "Xcode 9.3";
			developmentRegion = en;
			hasScannedForEncodings = 0;
			knownRegions = (
				en,
				Base,
			);
			mainGroup = FB2CCA0C2588BBC300B189DA;
			productRefGroup = FB2CCA162588BBC300B189DA /* Products */;
			projectDirPath = "";
			projectRoot = "";
			targets = (
				FB2CCA142588BBC300B189DA /* Recipe Practice */,
			);
		};
/* End PBXProject section */

/* Begin PBXResourcesBuildPhase section */
		FB2CCA132588BBC300B189DA /* Resources */ = {
			isa = PBXResourcesBuildPhase;
			buildActionMask = 2147483647;
			files = (
				FB2CCA252588BBC400B189DA /* LaunchScreen.storyboard in Resources */,
				FB2CCA222588BBC400B189DA /* Assets.xcassets in Resources */,
				FB6E53FD258CD9A700E6FAA4 /* IngredientsTableViewCell.xib in Resources */,
				FB4F322A2589A34400EC89EF /* LargeCollectionViewCell.xib in Resources */,
				FB4F322F2589A35700EC89EF /* MediumCollectionViewCell.xib in Resources */,
				FB4F3273258A08BB00EC89EF /* LargCollectionViewCellVC.xib in Resources */,
				FB82303A2592060E0023F3C5 /* RecipeTableViewCell.xib in Resources */,
				FB4F32342589A36400EC89EF /* SmallCollectionViewCell.xib in Resources */,
				FB2CCA202588BBC300B189DA /* Main.storyboard in Resources */,
				FBE25189258DEEC700F7C63C /* IngredientCollectionViewCell.xib in Resources */,
				FB5EE997258B064F0086B383 /* SmallCell.xib in Resources */,
			);
			runOnlyForDeploymentPostprocessing = 0;
		};
/* End PBXResourcesBuildPhase section */

/* Begin PBXSourcesBuildPhase section */
		FB2CCA112588BBC300B189DA /* Sources */ = {
			isa = PBXSourcesBuildPhase;
			buildActionMask = 2147483647;
			files = (
				FB27B161258C9D2F00766BBA /* ViewForComposeVC.swift in Sources */,
				FBE675DE2591D5E900D9CBD0 /* PreparedRecipeVC.swift in Sources */,
				FB4F32332589A36400EC89EF /* SmallCollectionViewCell.swift in Sources */,
				FBE675CC2591967400D9CBD0 /* LabelWithInset.swift in Sources */,
				FBE25182258DEB4200F7C63C /* Button Extension.swift in Sources */,
				FB4F321C258910DF00EC89EF /* CustomTabbar.swift in Sources */,
				FBE675D32591C7B100D9CBD0 /* PreparingVC.swift in Sources */,
				FBE675C72590DC2900D9CBD0 /* ViewForScanVC.swift in Sources */,
				FB2CCA1D2588BBC300B189DA /* HomeVC.swift in Sources */,
				FBE25188258DEEC700F7C63C /* IngredientCollectionViewCell.swift in Sources */,
				FBE675C32590DBC700D9CBD0 /* ScanVC.swift in Sources */,
				FBE675BB25903DE600D9CBD0 /* ViewForIngredientListVC.swift in Sources */,
				FBE675D82591C7D100D9CBD0 /* ViewForPreparingVC.swift in Sources */,
				FB4F32162588F66500EC89EF /* Color.swift in Sources */,
				FB2B4921258EFAF30081EE63 /* IngredientListVC.swift in Sources */,
				FB8230392592060E0023F3C5 /* RecipeTableViewCell.swift in Sources */,
				FB2CCA192588BBC300B189DA /* AppDelegate.swift in Sources */,
				FB27B157258B7E5C00766BBA /* CustomViewFactory.swift in Sources */,
				FB6E5400258CD9CE00E6FAA4 /* Reusable.swift in Sources */,
				FB4F3272258A08BB00EC89EF /* LargCollectionViewCellVC.swift in Sources */,
				FB4F32292589A34400EC89EF /* LargeCollectionViewCell.swift in Sources */,
				FB27B154258B792300766BBA /* ComposeMealVC.swift in Sources */,
				FBE675BF2590AD6200D9CBD0 /* View Extension.swift in Sources */,
				FBE675E32591D60100D9CBD0 /* ViewForPreparedRecipe.swift in Sources */,
				FB4F325C2589E98400EC89EF /* Image Extension.swift in Sources */,
				FB4F322E2589A35700EC89EF /* MediumCollectionViewCell.swift in Sources */,
				FB2CCA1B2588BBC300B189DA /* SceneDelegate.swift in Sources */,
				FB5EE98E258AF96D0086B383 /* ContentModel.swift in Sources */,
				FB6E540B258CDF7900E6FAA4 /* Model.swift in Sources */,
				FB9DD476258E4F790077E576 /* CollectionReusableHeader.swift in Sources */,
				FB6E53FC258CD9A700E6FAA4 /* IngredientsTableViewCell.swift in Sources */,
				FB5EE996258B064F0086B383 /* SmallCell.swift in Sources */,
				FB8230302591FA2A0023F3C5 /* Recipe Model.swift in Sources */,
			);
			runOnlyForDeploymentPostprocessing = 0;
		};
/* End PBXSourcesBuildPhase section */

/* Begin PBXVariantGroup section */
		FB2CCA1E2588BBC300B189DA /* Main.storyboard */ = {
			isa = PBXVariantGroup;
			children = (
				FB2CCA1F2588BBC300B189DA /* Base */,
			);
			name = Main.storyboard;
			sourceTree = "<group>";
		};
		FB2CCA232588BBC400B189DA /* LaunchScreen.storyboard */ = {
			isa = PBXVariantGroup;
			children = (
				FB2CCA242588BBC400B189DA /* Base */,
			);
			name = LaunchScreen.storyboard;
			sourceTree = "<group>";
		};
/* End PBXVariantGroup section */

/* Begin XCBuildConfiguration section */
		FB2CCA272588BBC400B189DA /* Debug */ = {
			isa = XCBuildConfiguration;
			buildSettings = {
				ALWAYS_SEARCH_USER_PATHS = NO;
				CLANG_ANALYZER_NONNULL = YES;
				CLANG_ANALYZER_NUMBER_OBJECT_CONVERSION = YES_AGGRESSIVE;
				CLANG_CXX_LANGUAGE_STANDARD = "gnu++14";
				CLANG_CXX_LIBRARY = "libc++";
				CLANG_ENABLE_MODULES = YES;
				CLANG_ENABLE_OBJC_ARC = YES;
				CLANG_ENABLE_OBJC_WEAK = YES;
				CLANG_WARN_BLOCK_CAPTURE_AUTORELEASING = YES;
				CLANG_WARN_BOOL_CONVERSION = YES;
				CLANG_WARN_COMMA = YES;
				CLANG_WARN_CONSTANT_CONVERSION = YES;
				CLANG_WARN_DEPRECATED_OBJC_IMPLEMENTATIONS = YES;
				CLANG_WARN_DIRECT_OBJC_ISA_USAGE = YES_ERROR;
				CLANG_WARN_DOCUMENTATION_COMMENTS = YES;
				CLANG_WARN_EMPTY_BODY = YES;
				CLANG_WARN_ENUM_CONVERSION = YES;
				CLANG_WARN_INFINITE_RECURSION = YES;
				CLANG_WARN_INT_CONVERSION = YES;
				CLANG_WARN_NON_LITERAL_NULL_CONVERSION = YES;
				CLANG_WARN_OBJC_IMPLICIT_RETAIN_SELF = YES;
				CLANG_WARN_OBJC_LITERAL_CONVERSION = YES;
				CLANG_WARN_OBJC_ROOT_CLASS = YES_ERROR;
				CLANG_WARN_QUOTED_INCLUDE_IN_FRAMEWORK_HEADER = YES;
				CLANG_WARN_RANGE_LOOP_ANALYSIS = YES;
				CLANG_WARN_STRICT_PROTOTYPES = YES;
				CLANG_WARN_SUSPICIOUS_MOVE = YES;
				CLANG_WARN_UNGUARDED_AVAILABILITY = YES_AGGRESSIVE;
				CLANG_WARN_UNREACHABLE_CODE = YES;
				CLANG_WARN__DUPLICATE_METHOD_MATCH = YES;
				COPY_PHASE_STRIP = NO;
				DEBUG_INFORMATION_FORMAT = dwarf;
				ENABLE_STRICT_OBJC_MSGSEND = YES;
				ENABLE_TESTABILITY = YES;
				GCC_C_LANGUAGE_STANDARD = gnu11;
				GCC_DYNAMIC_NO_PIC = NO;
				GCC_NO_COMMON_BLOCKS = YES;
				GCC_OPTIMIZATION_LEVEL = 0;
				GCC_PREPROCESSOR_DEFINITIONS = (
					"DEBUG=1",
					"$(inherited)",
				);
				GCC_WARN_64_TO_32_BIT_CONVERSION = YES;
				GCC_WARN_ABOUT_RETURN_TYPE = YES_ERROR;
				GCC_WARN_UNDECLARED_SELECTOR = YES;
				GCC_WARN_UNINITIALIZED_AUTOS = YES_AGGRESSIVE;
				GCC_WARN_UNUSED_FUNCTION = YES;
				GCC_WARN_UNUSED_VARIABLE = YES;
				IPHONEOS_DEPLOYMENT_TARGET = 14.0;
				MTL_ENABLE_DEBUG_INFO = INCLUDE_SOURCE;
				MTL_FAST_MATH = YES;
				ONLY_ACTIVE_ARCH = YES;
				SDKROOT = iphoneos;
				SWIFT_ACTIVE_COMPILATION_CONDITIONS = DEBUG;
				SWIFT_OPTIMIZATION_LEVEL = "-Onone";
			};
			name = Debug;
		};
		FB2CCA282588BBC400B189DA /* Release */ = {
			isa = XCBuildConfiguration;
			buildSettings = {
				ALWAYS_SEARCH_USER_PATHS = NO;
				CLANG_ANALYZER_NONNULL = YES;
				CLANG_ANALYZER_NUMBER_OBJECT_CONVERSION = YES_AGGRESSIVE;
				CLANG_CXX_LANGUAGE_STANDARD = "gnu++14";
				CLANG_CXX_LIBRARY = "libc++";
				CLANG_ENABLE_MODULES = YES;
				CLANG_ENABLE_OBJC_ARC = YES;
				CLANG_ENABLE_OBJC_WEAK = YES;
				CLANG_WARN_BLOCK_CAPTURE_AUTORELEASING = YES;
				CLANG_WARN_BOOL_CONVERSION = YES;
				CLANG_WARN_COMMA = YES;
				CLANG_WARN_CONSTANT_CONVERSION = YES;
				CLANG_WARN_DEPRECATED_OBJC_IMPLEMENTATIONS = YES;
				CLANG_WARN_DIRECT_OBJC_ISA_USAGE = YES_ERROR;
				CLANG_WARN_DOCUMENTATION_COMMENTS = YES;
				CLANG_WARN_EMPTY_BODY = YES;
				CLANG_WARN_ENUM_CONVERSION = YES;
				CLANG_WARN_INFINITE_RECURSION = YES;
				CLANG_WARN_INT_CONVERSION = YES;
				CLANG_WARN_NON_LITERAL_NULL_CONVERSION = YES;
				CLANG_WARN_OBJC_IMPLICIT_RETAIN_SELF = YES;
				CLANG_WARN_OBJC_LITERAL_CONVERSION = YES;
				CLANG_WARN_OBJC_ROOT_CLASS = YES_ERROR;
				CLANG_WARN_QUOTED_INCLUDE_IN_FRAMEWORK_HEADER = YES;
				CLANG_WARN_RANGE_LOOP_ANALYSIS = YES;
				CLANG_WARN_STRICT_PROTOTYPES = YES;
				CLANG_WARN_SUSPICIOUS_MOVE = YES;
				CLANG_WARN_UNGUARDED_AVAILABILITY = YES_AGGRESSIVE;
				CLANG_WARN_UNREACHABLE_CODE = YES;
				CLANG_WARN__DUPLICATE_METHOD_MATCH = YES;
				COPY_PHASE_STRIP = NO;
				DEBUG_INFORMATION_FORMAT = "dwarf-with-dsym";
				ENABLE_NS_ASSERTIONS = NO;
				ENABLE_STRICT_OBJC_MSGSEND = YES;
				GCC_C_LANGUAGE_STANDARD = gnu11;
				GCC_NO_COMMON_BLOCKS = YES;
				GCC_WARN_64_TO_32_BIT_CONVERSION = YES;
				GCC_WARN_ABOUT_RETURN_TYPE = YES_ERROR;
				GCC_WARN_UNDECLARED_SELECTOR = YES;
				GCC_WARN_UNINITIALIZED_AUTOS = YES_AGGRESSIVE;
				GCC_WARN_UNUSED_FUNCTION = YES;
				GCC_WARN_UNUSED_VARIABLE = YES;
				IPHONEOS_DEPLOYMENT_TARGET = 14.0;
				MTL_ENABLE_DEBUG_INFO = NO;
				MTL_FAST_MATH = YES;
				SDKROOT = iphoneos;
				SWIFT_COMPILATION_MODE = wholemodule;
				SWIFT_OPTIMIZATION_LEVEL = "-O";
				VALIDATE_PRODUCT = YES;
			};
			name = Release;
		};
		FB2CCA2A2588BBC400B189DA /* Debug */ = {
			isa = XCBuildConfiguration;
			buildSettings = {
				ASSETCATALOG_COMPILER_APPICON_NAME = AppIcon;
				ASSETCATALOG_COMPILER_GLOBAL_ACCENT_COLOR_NAME = AccentColor;
				CODE_SIGN_STYLE = Automatic;
				DEVELOPMENT_TEAM = KA6B4A6D5D;
				INFOPLIST_FILE = "Recipe Practice/Info.plist";
				LD_RUNPATH_SEARCH_PATHS = (
					"$(inherited)",
					"@executable_path/Frameworks",
				);
				PRODUCT_BUNDLE_IDENTIFIER = "RayHsu.Recipe-Practice";
				PRODUCT_NAME = "$(TARGET_NAME)";
				SWIFT_VERSION = 5.0;
				TARGETED_DEVICE_FAMILY = "1,2";
			};
			name = Debug;
		};
		FB2CCA2B2588BBC400B189DA /* Release */ = {
			isa = XCBuildConfiguration;
			buildSettings = {
				ASSETCATALOG_COMPILER_APPICON_NAME = AppIcon;
				ASSETCATALOG_COMPILER_GLOBAL_ACCENT_COLOR_NAME = AccentColor;
				CODE_SIGN_STYLE = Automatic;
				DEVELOPMENT_TEAM = KA6B4A6D5D;
				INFOPLIST_FILE = "Recipe Practice/Info.plist";
				LD_RUNPATH_SEARCH_PATHS = (
					"$(inherited)",
					"@executable_path/Frameworks",
				);
				PRODUCT_BUNDLE_IDENTIFIER = "RayHsu.Recipe-Practice";
				PRODUCT_NAME = "$(TARGET_NAME)";
				SWIFT_VERSION = 5.0;
				TARGETED_DEVICE_FAMILY = "1,2";
			};
			name = Release;
		};
/* End XCBuildConfiguration section */

/* Begin XCConfigurationList section */
		FB2CCA102588BBC300B189DA /* Build configuration list for PBXProject "Recipe Practice" */ = {
			isa = XCConfigurationList;
			buildConfigurations = (
				FB2CCA272588BBC400B189DA /* Debug */,
				FB2CCA282588BBC400B189DA /* Release */,
			);
			defaultConfigurationIsVisible = 0;
			defaultConfigurationName = Release;
		};
		FB2CCA292588BBC400B189DA /* Build configuration list for PBXNativeTarget "Recipe Practice" */ = {
			isa = XCConfigurationList;
			buildConfigurations = (
				FB2CCA2A2588BBC400B189DA /* Debug */,
				FB2CCA2B2588BBC400B189DA /* Release */,
			);
			defaultConfigurationIsVisible = 0;
			defaultConfigurationName = Release;
		};
/* End XCConfigurationList section */
	};
	rootObject = FB2CCA0D2588BBC300B189DA /* Project object */;
}
